// !$*UTF8*$!
{
	archiveVersion = 1;
	classes = {
	};
	objectVersion = 50;
	objects = {

/* Begin PBXBuildFile section */
		305745FBF60791C589E48A9E /* libPods-RIFunctionCollection.a in Frameworks */ = {isa = PBXBuildFile; fileRef = 1CC72D4651528D5C3B22FA38 /* libPods-RIFunctionCollection.a */; };
		799BFD9522929EAC00FBFC4A /* AppDelegate.m in Sources */ = {isa = PBXBuildFile; fileRef = 799BFD9422929EAC00FBFC4A /* AppDelegate.m */; };
		799BFD9B22929EAC00FBFC4A /* Main.storyboard in Resources */ = {isa = PBXBuildFile; fileRef = 799BFD9922929EAC00FBFC4A /* Main.storyboard */; };
		799BFD9D22929EAE00FBFC4A /* Assets.xcassets in Resources */ = {isa = PBXBuildFile; fileRef = 799BFD9C22929EAE00FBFC4A /* Assets.xcassets */; };
		799BFDA022929EAE00FBFC4A /* LaunchScreen.storyboard in Resources */ = {isa = PBXBuildFile; fileRef = 799BFD9E22929EAE00FBFC4A /* LaunchScreen.storyboard */; };
		799BFDA322929EAE00FBFC4A /* main.m in Sources */ = {isa = PBXBuildFile; fileRef = 799BFDA222929EAE00FBFC4A /* main.m */; };
		799BFDAD22929EAE00FBFC4A /* RIFunctionCollectionTests.m in Sources */ = {isa = PBXBuildFile; fileRef = 799BFDAC22929EAE00FBFC4A /* RIFunctionCollectionTests.m */; };
		799BFDB822929EAE00FBFC4A /* RIFunctionCollectionUITests.m in Sources */ = {isa = PBXBuildFile; fileRef = 799BFDB722929EAE00FBFC4A /* RIFunctionCollectionUITests.m */; };
		799BFDC92292A5F700FBFC4A /* TabBarControllerOne.m in Sources */ = {isa = PBXBuildFile; fileRef = 799BFDC82292A5F700FBFC4A /* TabBarControllerOne.m */; };
		799BFDCD2292B0B600FBFC4A /* MainViewControllerOne.m in Sources */ = {isa = PBXBuildFile; fileRef = 799BFDCC2292B0B600FBFC4A /* MainViewControllerOne.m */; };
		799BFDD02292B34100FBFC4A /* MainViewControllerTwo.m in Sources */ = {isa = PBXBuildFile; fileRef = 799BFDCF2292B34100FBFC4A /* MainViewControllerTwo.m */; };
		799BFDD32292B38E00FBFC4A /* MainViewControllerThird.m in Sources */ = {isa = PBXBuildFile; fileRef = 799BFDD22292B38E00FBFC4A /* MainViewControllerThird.m */; };
		799BFDD62292B3B600FBFC4A /* MainViewControllerFourth.m in Sources */ = {isa = PBXBuildFile; fileRef = 799BFDD52292B3B600FBFC4A /* MainViewControllerFourth.m */; };
		799BFDD92292B79E00FBFC4A /* MainViewControllerFifth.m in Sources */ = {isa = PBXBuildFile; fileRef = 799BFDD82292B79E00FBFC4A /* MainViewControllerFifth.m */; };
		799BFDDE22952EEB00FBFC4A /* RIToolClass.m in Sources */ = {isa = PBXBuildFile; fileRef = 799BFDDD22952EEB00FBFC4A /* RIToolClass.m */; };
		799BFDE122953D9600FBFC4A /* RIPreservableBaseModel.m in Sources */ = {isa = PBXBuildFile; fileRef = 799BFDE022953D9500FBFC4A /* RIPreservableBaseModel.m */; };
		799BFDE422963C5000FBFC4A /* UserInfoModel.m in Sources */ = {isa = PBXBuildFile; fileRef = 799BFDE322963C5000FBFC4A /* UserInfoModel.m */; };
/* End PBXBuildFile section */

/* Begin PBXContainerItemProxy section */
		799BFDA922929EAE00FBFC4A /* PBXContainerItemProxy */ = {
			isa = PBXContainerItemProxy;
			containerPortal = 799BFD8822929EAC00FBFC4A /* Project object */;
			proxyType = 1;
			remoteGlobalIDString = 799BFD8F22929EAC00FBFC4A;
			remoteInfo = RIFunctionCollection;
		};
		799BFDB422929EAE00FBFC4A /* PBXContainerItemProxy */ = {
			isa = PBXContainerItemProxy;
			containerPortal = 799BFD8822929EAC00FBFC4A /* Project object */;
			proxyType = 1;
			remoteGlobalIDString = 799BFD8F22929EAC00FBFC4A;
			remoteInfo = RIFunctionCollection;
		};
/* End PBXContainerItemProxy section */

/* Begin PBXFileReference section */
		1CC72D4651528D5C3B22FA38 /* libPods-RIFunctionCollection.a */ = {isa = PBXFileReference; explicitFileType = archive.ar; includeInIndex = 0; path = "libPods-RIFunctionCollection.a"; sourceTree = BUILT_PRODUCTS_DIR; };
		799BFD9022929EAC00FBFC4A /* RIFunctionCollection.app */ = {isa = PBXFileReference; explicitFileType = wrapper.application; includeInIndex = 0; path = RIFunctionCollection.app; sourceTree = BUILT_PRODUCTS_DIR; };
		799BFD9322929EAC00FBFC4A /* AppDelegate.h */ = {isa = PBXFileReference; lastKnownFileType = sourcecode.c.h; path = AppDelegate.h; sourceTree = "<group>"; };
		799BFD9422929EAC00FBFC4A /* AppDelegate.m */ = {isa = PBXFileReference; lastKnownFileType = sourcecode.c.objc; path = AppDelegate.m; sourceTree = "<group>"; };
		799BFD9A22929EAC00FBFC4A /* Base */ = {isa = PBXFileReference; lastKnownFileType = file.storyboard; name = Base; path = Base.lproj/Main.storyboard; sourceTree = "<group>"; };
		799BFD9C22929EAE00FBFC4A /* Assets.xcassets */ = {isa = PBXFileReference; lastKnownFileType = folder.assetcatalog; path = Assets.xcassets; sourceTree = "<group>"; };
		799BFD9F22929EAE00FBFC4A /* Base */ = {isa = PBXFileReference; lastKnownFileType = file.storyboard; name = Base; path = Base.lproj/LaunchScreen.storyboard; sourceTree = "<group>"; };
		799BFDA122929EAE00FBFC4A /* Info.plist */ = {isa = PBXFileReference; lastKnownFileType = text.plist.xml; path = Info.plist; sourceTree = "<group>"; };
		799BFDA222929EAE00FBFC4A /* main.m */ = {isa = PBXFileReference; lastKnownFileType = sourcecode.c.objc; path = main.m; sourceTree = "<group>"; };
		799BFDA822929EAE00FBFC4A /* RIFunctionCollectionTests.xctest */ = {isa = PBXFileReference; explicitFileType = wrapper.cfbundle; includeInIndex = 0; path = RIFunctionCollectionTests.xctest; sourceTree = BUILT_PRODUCTS_DIR; };
		799BFDAC22929EAE00FBFC4A /* RIFunctionCollectionTests.m */ = {isa = PBXFileReference; lastKnownFileType = sourcecode.c.objc; path = RIFunctionCollectionTests.m; sourceTree = "<group>"; };
		799BFDAE22929EAE00FBFC4A /* Info.plist */ = {isa = PBXFileReference; lastKnownFileType = text.plist.xml; path = Info.plist; sourceTree = "<group>"; };
		799BFDB322929EAE00FBFC4A /* RIFunctionCollectionUITests.xctest */ = {isa = PBXFileReference; explicitFileType = wrapper.cfbundle; includeInIndex = 0; path = RIFunctionCollectionUITests.xctest; sourceTree = BUILT_PRODUCTS_DIR; };
		799BFDB722929EAE00FBFC4A /* RIFunctionCollectionUITests.m */ = {isa = PBXFileReference; lastKnownFileType = sourcecode.c.objc; path = RIFunctionCollectionUITests.m; sourceTree = "<group>"; };
		799BFDB922929EAE00FBFC4A /* Info.plist */ = {isa = PBXFileReference; lastKnownFileType = text.plist.xml; path = Info.plist; sourceTree = "<group>"; };
		799BFDC72292A5F700FBFC4A /* TabBarControllerOne.h */ = {isa = PBXFileReference; lastKnownFileType = sourcecode.c.h; path = TabBarControllerOne.h; sourceTree = "<group>"; };
		799BFDC82292A5F700FBFC4A /* TabBarControllerOne.m */ = {isa = PBXFileReference; lastKnownFileType = sourcecode.c.objc; path = TabBarControllerOne.m; sourceTree = "<group>"; };
		799BFDCB2292B0B600FBFC4A /* MainViewControllerOne.h */ = {isa = PBXFileReference; lastKnownFileType = sourcecode.c.h; path = MainViewControllerOne.h; sourceTree = "<group>"; };
		799BFDCC2292B0B600FBFC4A /* MainViewControllerOne.m */ = {isa = PBXFileReference; lastKnownFileType = sourcecode.c.objc; path = MainViewControllerOne.m; sourceTree = "<group>"; };
		799BFDCE2292B34100FBFC4A /* MainViewControllerTwo.h */ = {isa = PBXFileReference; lastKnownFileType = sourcecode.c.h; path = MainViewControllerTwo.h; sourceTree = "<group>"; };
		799BFDCF2292B34100FBFC4A /* MainViewControllerTwo.m */ = {isa = PBXFileReference; lastKnownFileType = sourcecode.c.objc; path = MainViewControllerTwo.m; sourceTree = "<group>"; };
		799BFDD12292B38E00FBFC4A /* MainViewControllerThird.h */ = {isa = PBXFileReference; lastKnownFileType = sourcecode.c.h; path = MainViewControllerThird.h; sourceTree = "<group>"; };
		799BFDD22292B38E00FBFC4A /* MainViewControllerThird.m */ = {isa = PBXFileReference; lastKnownFileType = sourcecode.c.objc; path = MainViewControllerThird.m; sourceTree = "<group>"; };
		799BFDD42292B3B600FBFC4A /* MainViewControllerFourth.h */ = {isa = PBXFileReference; lastKnownFileType = sourcecode.c.h; path = MainViewControllerFourth.h; sourceTree = "<group>"; };
		799BFDD52292B3B600FBFC4A /* MainViewControllerFourth.m */ = {isa = PBXFileReference; lastKnownFileType = sourcecode.c.objc; path = MainViewControllerFourth.m; sourceTree = "<group>"; };
		799BFDD72292B79E00FBFC4A /* MainViewControllerFifth.h */ = {isa = PBXFileReference; lastKnownFileType = sourcecode.c.h; path = MainViewControllerFifth.h; sourceTree = "<group>"; };
		799BFDD82292B79E00FBFC4A /* MainViewControllerFifth.m */ = {isa = PBXFileReference; lastKnownFileType = sourcecode.c.objc; path = MainViewControllerFifth.m; sourceTree = "<group>"; };
		799BFDDC22952EEB00FBFC4A /* RIToolClass.h */ = {isa = PBXFileReference; lastKnownFileType = sourcecode.c.h; path = RIToolClass.h; sourceTree = "<group>"; };
		799BFDDD22952EEB00FBFC4A /* RIToolClass.m */ = {isa = PBXFileReference; lastKnownFileType = sourcecode.c.objc; path = RIToolClass.m; sourceTree = "<group>"; };
		799BFDDF22953D9500FBFC4A /* RIPreservableBaseModel.h */ = {isa = PBXFileReference; lastKnownFileType = sourcecode.c.h; path = RIPreservableBaseModel.h; sourceTree = "<group>"; };
		799BFDE022953D9500FBFC4A /* RIPreservableBaseModel.m */ = {isa = PBXFileReference; lastKnownFileType = sourcecode.c.objc; path = RIPreservableBaseModel.m; sourceTree = "<group>"; };
		799BFDE222963C5000FBFC4A /* UserInfoModel.h */ = {isa = PBXFileReference; lastKnownFileType = sourcecode.c.h; path = UserInfoModel.h; sourceTree = "<group>"; };
		799BFDE322963C5000FBFC4A /* UserInfoModel.m */ = {isa = PBXFileReference; lastKnownFileType = sourcecode.c.objc; path = UserInfoModel.m; sourceTree = "<group>"; };
		D0FB9EC7ED93479055E23C40 /* Pods-RIFunctionCollection.debug.xcconfig */ = {isa = PBXFileReference; includeInIndex = 1; lastKnownFileType = text.xcconfig; name = "Pods-RIFunctionCollection.debug.xcconfig"; path = "Pods/Target Support Files/Pods-RIFunctionCollection/Pods-RIFunctionCollection.debug.xcconfig"; sourceTree = "<group>"; };
		FEDCD8C2A939744105116CC6 /* Pods-RIFunctionCollection.release.xcconfig */ = {isa = PBXFileReference; includeInIndex = 1; lastKnownFileType = text.xcconfig; name = "Pods-RIFunctionCollection.release.xcconfig"; path = "Pods/Target Support Files/Pods-RIFunctionCollection/Pods-RIFunctionCollection.release.xcconfig"; sourceTree = "<group>"; };
/* End PBXFileReference section */

/* Begin PBXFrameworksBuildPhase section */
		799BFD8D22929EAC00FBFC4A /* Frameworks */ = {
			isa = PBXFrameworksBuildPhase;
			buildActionMask = 2147483647;
			files = (
				305745FBF60791C589E48A9E /* libPods-RIFunctionCollection.a in Frameworks */,
			);
			runOnlyForDeploymentPostprocessing = 0;
		};
		799BFDA522929EAE00FBFC4A /* Frameworks */ = {
			isa = PBXFrameworksBuildPhase;
			buildActionMask = 2147483647;
			files = (
			);
			runOnlyForDeploymentPostprocessing = 0;
		};
		799BFDB022929EAE00FBFC4A /* Frameworks */ = {
			isa = PBXFrameworksBuildPhase;
			buildActionMask = 2147483647;
			files = (
			);
			runOnlyForDeploymentPostprocessing = 0;
		};
/* End PBXFrameworksBuildPhase section */

/* Begin PBXGroup section */
		799BFD8722929EAC00FBFC4A = {
			isa = PBXGroup;
			children = (
				799BFD9222929EAC00FBFC4A /* RIFunctionCollection */,
				799BFDAB22929EAE00FBFC4A /* RIFunctionCollectionTests */,
				799BFDB622929EAE00FBFC4A /* RIFunctionCollectionUITests */,
				799BFD9122929EAC00FBFC4A /* Products */,
				C9F35C130D65A04357CA0873 /* Pods */,
				CCEA86BB66F43D9CA90967F4 /* Frameworks */,
			);
			sourceTree = "<group>";
		};
		799BFD9122929EAC00FBFC4A /* Products */ = {
			isa = PBXGroup;
			children = (
				799BFD9022929EAC00FBFC4A /* RIFunctionCollection.app */,
				799BFDA822929EAE00FBFC4A /* RIFunctionCollectionTests.xctest */,
				799BFDB322929EAE00FBFC4A /* RIFunctionCollectionUITests.xctest */,
			);
			name = Products;
			sourceTree = "<group>";
		};
		799BFD9222929EAC00FBFC4A /* RIFunctionCollection */ = {
			isa = PBXGroup;
			children = (
				799BFDDB22952CB400FBFC4A /* Toolcomponents */,
				799BFDDA22951D4B00FBFC4A /* CustomView */,
				799BFDCA2292AF7400FBFC4A /* MainViewController */,
				799BFDC62292A51400FBFC4A /* TabBarControllerGroup */,
				799BFD9322929EAC00FBFC4A /* AppDelegate.h */,
				799BFD9422929EAC00FBFC4A /* AppDelegate.m */,
				799BFD9922929EAC00FBFC4A /* Main.storyboard */,
				799BFD9C22929EAE00FBFC4A /* Assets.xcassets */,
				799BFD9E22929EAE00FBFC4A /* LaunchScreen.storyboard */,
				799BFDA122929EAE00FBFC4A /* Info.plist */,
				799BFDA222929EAE00FBFC4A /* main.m */,
			);
			path = RIFunctionCollection;
			sourceTree = "<group>";
		};
		799BFDAB22929EAE00FBFC4A /* RIFunctionCollectionTests */ = {
			isa = PBXGroup;
			children = (
				799BFDAC22929EAE00FBFC4A /* RIFunctionCollectionTests.m */,
				799BFDAE22929EAE00FBFC4A /* Info.plist */,
			);
			path = RIFunctionCollectionTests;
			sourceTree = "<group>";
		};
		799BFDB622929EAE00FBFC4A /* RIFunctionCollectionUITests */ = {
			isa = PBXGroup;
			children = (
				799BFDB722929EAE00FBFC4A /* RIFunctionCollectionUITests.m */,
				799BFDB922929EAE00FBFC4A /* Info.plist */,
			);
			path = RIFunctionCollectionUITests;
			sourceTree = "<group>";
		};
		799BFDC62292A51400FBFC4A /* TabBarControllerGroup */ = {
			isa = PBXGroup;
			children = (
				799BFDC72292A5F700FBFC4A /* TabBarControllerOne.h */,
				799BFDC82292A5F700FBFC4A /* TabBarControllerOne.m */,
			);
			path = TabBarControllerGroup;
			sourceTree = "<group>";
		};
		799BFDCA2292AF7400FBFC4A /* MainViewController */ = {
			isa = PBXGroup;
			children = (
				799BFDCB2292B0B600FBFC4A /* MainViewControllerOne.h */,
				799BFDCC2292B0B600FBFC4A /* MainViewControllerOne.m */,
				799BFDCE2292B34100FBFC4A /* MainViewControllerTwo.h */,
				799BFDCF2292B34100FBFC4A /* MainViewControllerTwo.m */,
				799BFDD12292B38E00FBFC4A /* MainViewControllerThird.h */,
				799BFDD22292B38E00FBFC4A /* MainViewControllerThird.m */,
				799BFDD42292B3B600FBFC4A /* MainViewControllerFourth.h */,
				799BFDD52292B3B600FBFC4A /* MainViewControllerFourth.m */,
				799BFDD72292B79E00FBFC4A /* MainViewControllerFifth.h */,
				799BFDD82292B79E00FBFC4A /* MainViewControllerFifth.m */,
			);
			path = MainViewController;
			sourceTree = "<group>";
		};
		799BFDDA22951D4B00FBFC4A /* CustomView */ = {
			isa = PBXGroup;
			children = (
			);
			path = CustomView;
			sourceTree = "<group>";
		};
		799BFDDB22952CB400FBFC4A /* Toolcomponents */ = {
			isa = PBXGroup;
			children = (
				799BFDDC22952EEB00FBFC4A /* RIToolClass.h */,
				799BFDDD22952EEB00FBFC4A /* RIToolClass.m */,
				799BFDDF22953D9500FBFC4A /* RIPreservableBaseModel.h */,
				799BFDE022953D9500FBFC4A /* RIPreservableBaseModel.m */,
				799BFDE222963C5000FBFC4A /* UserInfoModel.h */,
				799BFDE322963C5000FBFC4A /* UserInfoModel.m */,
			);
			path = Toolcomponents;
			sourceTree = "<group>";
		};
		C9F35C130D65A04357CA0873 /* Pods */ = {
			isa = PBXGroup;
			children = (
				D0FB9EC7ED93479055E23C40 /* Pods-RIFunctionCollection.debug.xcconfig */,
				FEDCD8C2A939744105116CC6 /* Pods-RIFunctionCollection.release.xcconfig */,
			);
			name = Pods;
			sourceTree = "<group>";
		};
		CCEA86BB66F43D9CA90967F4 /* Frameworks */ = {
			isa = PBXGroup;
			children = (
				1CC72D4651528D5C3B22FA38 /* libPods-RIFunctionCollection.a */,
			);
			name = Frameworks;
			sourceTree = "<group>";
		};
/* End PBXGroup section */

/* Begin PBXNativeTarget section */
		799BFD8F22929EAC00FBFC4A /* RIFunctionCollection */ = {
			isa = PBXNativeTarget;
			buildConfigurationList = 799BFDBC22929EAE00FBFC4A /* Build configuration list for PBXNativeTarget "RIFunctionCollection" */;
			buildPhases = (
				08043A1B62065EA37C682747 /* [CP] Check Pods Manifest.lock */,
				799BFD8C22929EAC00FBFC4A /* Sources */,
				799BFD8D22929EAC00FBFC4A /* Frameworks */,
				799BFD8E22929EAC00FBFC4A /* Resources */,
				6E00FA89A8931A71DBC84155 /* [CP] Copy Pods Resources */,
			);
			buildRules = (
			);
			dependencies = (
			);
			name = RIFunctionCollection;
			productName = RIFunctionCollection;
			productReference = 799BFD9022929EAC00FBFC4A /* RIFunctionCollection.app */;
			productType = "com.apple.product-type.application";
		};
		799BFDA722929EAE00FBFC4A /* RIFunctionCollectionTests */ = {
			isa = PBXNativeTarget;
			buildConfigurationList = 799BFDBF22929EAE00FBFC4A /* Build configuration list for PBXNativeTarget "RIFunctionCollectionTests" */;
			buildPhases = (
				799BFDA422929EAE00FBFC4A /* Sources */,
				799BFDA522929EAE00FBFC4A /* Frameworks */,
				799BFDA622929EAE00FBFC4A /* Resources */,
			);
			buildRules = (
			);
			dependencies = (
				799BFDAA22929EAE00FBFC4A /* PBXTargetDependency */,
			);
			name = RIFunctionCollectionTests;
			productName = RIFunctionCollectionTests;
			productReference = 799BFDA822929EAE00FBFC4A /* RIFunctionCollectionTests.xctest */;
			productType = "com.apple.product-type.bundle.unit-test";
		};
		799BFDB222929EAE00FBFC4A /* RIFunctionCollectionUITests */ = {
			isa = PBXNativeTarget;
			buildConfigurationList = 799BFDC222929EAE00FBFC4A /* Build configuration list for PBXNativeTarget "RIFunctionCollectionUITests" */;
			buildPhases = (
				799BFDAF22929EAE00FBFC4A /* Sources */,
				799BFDB022929EAE00FBFC4A /* Frameworks */,
				799BFDB122929EAE00FBFC4A /* Resources */,
			);
			buildRules = (
			);
			dependencies = (
				799BFDB522929EAE00FBFC4A /* PBXTargetDependency */,
			);
			name = RIFunctionCollectionUITests;
			productName = RIFunctionCollectionUITests;
			productReference = 799BFDB322929EAE00FBFC4A /* RIFunctionCollectionUITests.xctest */;
			productType = "com.apple.product-type.bundle.ui-testing";
		};
/* End PBXNativeTarget section */

/* Begin PBXProject section */
		799BFD8822929EAC00FBFC4A /* Project object */ = {
			isa = PBXProject;
			attributes = {
				LastUpgradeCheck = 1010;
				ORGANIZATIONNAME = Richard;
				TargetAttributes = {
					799BFD8F22929EAC00FBFC4A = {
						CreatedOnToolsVersion = 10.1;
					};
					799BFDA722929EAE00FBFC4A = {
						CreatedOnToolsVersion = 10.1;
						TestTargetID = 799BFD8F22929EAC00FBFC4A;
					};
					799BFDB222929EAE00FBFC4A = {
						CreatedOnToolsVersion = 10.1;
						TestTargetID = 799BFD8F22929EAC00FBFC4A;
					};
				};
			};
			buildConfigurationList = 799BFD8B22929EAC00FBFC4A /* Build configuration list for PBXProject "RIFunctionCollection" */;
			compatibilityVersion = "Xcode 9.3";
			developmentRegion = en;
			hasScannedForEncodings = 0;
			knownRegions = (
				en,
				Base,
			);
			mainGroup = 799BFD8722929EAC00FBFC4A;
			productRefGroup = 799BFD9122929EAC00FBFC4A /* Products */;
			projectDirPath = "";
			projectRoot = "";
			targets = (
				799BFD8F22929EAC00FBFC4A /* RIFunctionCollection */,
				799BFDA722929EAE00FBFC4A /* RIFunctionCollectionTests */,
				799BFDB222929EAE00FBFC4A /* RIFunctionCollectionUITests */,
			);
		};
/* End PBXProject section */

/* Begin PBXResourcesBuildPhase section */
		799BFD8E22929EAC00FBFC4A /* Resources */ = {
			isa = PBXResourcesBuildPhase;
			buildActionMask = 2147483647;
			files = (
				799BFDA022929EAE00FBFC4A /* LaunchScreen.storyboard in Resources */,
				799BFD9D22929EAE00FBFC4A /* Assets.xcassets in Resources */,
				799BFD9B22929EAC00FBFC4A /* Main.storyboard in Resources */,
			);
			runOnlyForDeploymentPostprocessing = 0;
		};
		799BFDA622929EAE00FBFC4A /* Resources */ = {
			isa = PBXResourcesBuildPhase;
			buildActionMask = 2147483647;
			files = (
			);
			runOnlyForDeploymentPostprocessing = 0;
		};
		799BFDB122929EAE00FBFC4A /* Resources */ = {
			isa = PBXResourcesBuildPhase;
			buildActionMask = 2147483647;
			files = (
			);
			runOnlyForDeploymentPostprocessing = 0;
		};
/* End PBXResourcesBuildPhase section */

/* Begin PBXShellScriptBuildPhase section */
		08043A1B62065EA37C682747 /* [CP] Check Pods Manifest.lock */ = {
			isa = PBXShellScriptBuildPhase;
			buildActionMask = 2147483647;
			files = (
			);
			inputFileListPaths = (
			);
			inputPaths = (
				"${PODS_PODFILE_DIR_PATH}/Podfile.lock",
				"${PODS_ROOT}/Manifest.lock",
			);
			name = "[CP] Check Pods Manifest.lock";
			outputFileListPaths = (
			);
			outputPaths = (
				"$(DERIVED_FILE_DIR)/Pods-RIFunctionCollection-checkManifestLockResult.txt",
			);
			runOnlyForDeploymentPostprocessing = 0;
			shellPath = /bin/sh;
			shellScript = "diff \"${PODS_PODFILE_DIR_PATH}/Podfile.lock\" \"${PODS_ROOT}/Manifest.lock\" > /dev/null\nif [ $? != 0 ] ; then\n    # print error to STDERR\n    echo \"error: The sandbox is not in sync with the Podfile.lock. Run 'pod install' or update your CocoaPods installation.\" >&2\n    exit 1\nfi\n# This output is used by Xcode 'outputs' to avoid re-running this script phase.\necho \"SUCCESS\" > \"${SCRIPT_OUTPUT_FILE_0}\"\n";
			showEnvVarsInLog = 0;
		};
		6E00FA89A8931A71DBC84155 /* [CP] Copy Pods Resources */ = {
			isa = PBXShellScriptBuildPhase;
			buildActionMask = 2147483647;
			files = (
			);
			inputFileListPaths = (
			);
			inputPaths = (
				"${SRCROOT}/Pods/Target Support Files/Pods-RIFunctionCollection/Pods-RIFunctionCollection-resources.sh",
				"${PODS_ROOT}/MJRefresh/MJRefresh/MJRefresh.bundle",
				"${PODS_ROOT}/SVProgressHUD/SVProgressHUD/SVProgressHUD.bundle",
			);
			name = "[CP] Copy Pods Resources";
			outputFileListPaths = (
			);
			outputPaths = (
				"${TARGET_BUILD_DIR}/${UNLOCALIZED_RESOURCES_FOLDER_PATH}/MJRefresh.bundle",
				"${TARGET_BUILD_DIR}/${UNLOCALIZED_RESOURCES_FOLDER_PATH}/SVProgressHUD.bundle",
			);
			runOnlyForDeploymentPostprocessing = 0;
			shellPath = /bin/sh;
			shellScript = "\"${SRCROOT}/Pods/Target Support Files/Pods-RIFunctionCollection/Pods-RIFunctionCollection-resources.sh\"\n";
			showEnvVarsInLog = 0;
		};
/* End PBXShellScriptBuildPhase section */

/* Begin PBXSourcesBuildPhase section */
		799BFD8C22929EAC00FBFC4A /* Sources */ = {
			isa = PBXSourcesBuildPhase;
			buildActionMask = 2147483647;
			files = (
				799BFDD02292B34100FBFC4A /* MainViewControllerTwo.m in Sources */,
				799BFDDE22952EEB00FBFC4A /* RIToolClass.m in Sources */,
				799BFDD62292B3B600FBFC4A /* MainViewControllerFourth.m in Sources */,
				799BFDD32292B38E00FBFC4A /* MainViewControllerThird.m in Sources */,
				799BFDD92292B79E00FBFC4A /* MainViewControllerFifth.m in Sources */,
				799BFDA322929EAE00FBFC4A /* main.m in Sources */,
				799BFDE422963C5000FBFC4A /* UserInfoModel.m in Sources */,
				799BFDCD2292B0B600FBFC4A /* MainViewControllerOne.m in Sources */,
				799BFDC92292A5F700FBFC4A /* TabBarControllerOne.m in Sources */,
				799BFD9522929EAC00FBFC4A /* AppDelegate.m in Sources */,
				799BFDE122953D9600FBFC4A /* RIPreservableBaseModel.m in Sources */,
			);
			runOnlyForDeploymentPostprocessing = 0;
		};
		799BFDA422929EAE00FBFC4A /* Sources */ = {
			isa = PBXSourcesBuildPhase;
			buildActionMask = 2147483647;
			files = (
				799BFDAD22929EAE00FBFC4A /* RIFunctionCollectionTests.m in Sources */,
			);
			runOnlyForDeploymentPostprocessing = 0;
		};
		799BFDAF22929EAE00FBFC4A /* Sources */ = {
			isa = PBXSourcesBuildPhase;
			buildActionMask = 2147483647;
			files = (
				799BFDB822929EAE00FBFC4A /* RIFunctionCollectionUITests.m in Sources */,
			);
			runOnlyForDeploymentPostprocessing = 0;
		};
/* End PBXSourcesBuildPhase section */

/* Begin PBXTargetDependency section */
		799BFDAA22929EAE00FBFC4A /* PBXTargetDependency */ = {
			isa = PBXTargetDependency;
			target = 799BFD8F22929EAC00FBFC4A /* RIFunctionCollection */;
			targetProxy = 799BFDA922929EAE00FBFC4A /* PBXContainerItemProxy */;
		};
		799BFDB522929EAE00FBFC4A /* PBXTargetDependency */ = {
			isa = PBXTargetDependency;
			target = 799BFD8F22929EAC00FBFC4A /* RIFunctionCollection */;
			targetProxy = 799BFDB422929EAE00FBFC4A /* PBXContainerItemProxy */;
		};
/* End PBXTargetDependency section */

/* Begin PBXVariantGroup section */
		799BFD9922929EAC00FBFC4A /* Main.storyboard */ = {
			isa = PBXVariantGroup;
			children = (
				799BFD9A22929EAC00FBFC4A /* Base */,
			);
			name = Main.storyboard;
			sourceTree = "<group>";
		};
		799BFD9E22929EAE00FBFC4A /* LaunchScreen.storyboard */ = {
			isa = PBXVariantGroup;
			children = (
				799BFD9F22929EAE00FBFC4A /* Base */,
			);
			name = LaunchScreen.storyboard;
			sourceTree = "<group>";
		};
/* End PBXVariantGroup section */

/* Begin XCBuildConfiguration section */
		799BFDBA22929EAE00FBFC4A /* Debug */ = {
			isa = XCBuildConfiguration;
			buildSettings = {
				ALWAYS_SEARCH_USER_PATHS = NO;
				CLANG_ANALYZER_NONNULL = YES;
				CLANG_ANALYZER_NUMBER_OBJECT_CONVERSION = YES_AGGRESSIVE;
				CLANG_CXX_LANGUAGE_STANDARD = "gnu++14";
				CLANG_CXX_LIBRARY = "libc++";
				CLANG_ENABLE_MODULES = YES;
				CLANG_ENABLE_OBJC_ARC = YES;
				CLANG_ENABLE_OBJC_WEAK = YES;
				CLANG_WARN_BLOCK_CAPTURE_AUTORELEASING = YES;
				CLANG_WARN_BOOL_CONVERSION = YES;
				CLANG_WARN_COMMA = YES;
				CLANG_WARN_CONSTANT_CONVERSION = YES;
				CLANG_WARN_DEPRECATED_OBJC_IMPLEMENTATIONS = YES;
				CLANG_WARN_DIRECT_OBJC_ISA_USAGE = YES_ERROR;
				CLANG_WARN_DOCUMENTATION_COMMENTS = YES;
				CLANG_WARN_EMPTY_BODY = YES;
				CLANG_WARN_ENUM_CONVERSION = YES;
				CLANG_WARN_INFINITE_RECURSION = YES;
				CLANG_WARN_INT_CONVERSION = YES;
				CLANG_WARN_NON_LITERAL_NULL_CONVERSION = YES;
				CLANG_WARN_OBJC_IMPLICIT_RETAIN_SELF = YES;
				CLANG_WARN_OBJC_LITERAL_CONVERSION = YES;
				CLANG_WARN_OBJC_ROOT_CLASS = YES_ERROR;
				CLANG_WARN_RANGE_LOOP_ANALYSIS = YES;
				CLANG_WARN_STRICT_PROTOTYPES = YES;
				CLANG_WARN_SUSPICIOUS_MOVE = YES;
				CLANG_WARN_UNGUARDED_AVAILABILITY = YES_AGGRESSIVE;
				CLANG_WARN_UNREACHABLE_CODE = YES;
				CLANG_WARN__DUPLICATE_METHOD_MATCH = YES;
				CODE_SIGN_IDENTITY = "iPhone Developer";
				COPY_PHASE_STRIP = NO;
				DEBUG_INFORMATION_FORMAT = dwarf;
				ENABLE_STRICT_OBJC_MSGSEND = YES;
				ENABLE_TESTABILITY = YES;
				GCC_C_LANGUAGE_STANDARD = gnu11;
				GCC_DYNAMIC_NO_PIC = NO;
				GCC_NO_COMMON_BLOCKS = YES;
				GCC_OPTIMIZATION_LEVEL = 0;
				GCC_PREPROCESSOR_DEFINITIONS = (
					"DEBUG=1",
					"$(inherited)",
				);
				GCC_WARN_64_TO_32_BIT_CONVERSION = YES;
				GCC_WARN_ABOUT_RETURN_TYPE = YES_ERROR;
				GCC_WARN_UNDECLARED_SELECTOR = YES;
				GCC_WARN_UNINITIALIZED_AUTOS = YES_AGGRESSIVE;
				GCC_WARN_UNUSED_FUNCTION = YES;
				GCC_WARN_UNUSED_VARIABLE = YES;
				IPHONEOS_DEPLOYMENT_TARGET = 12.1;
				MTL_ENABLE_DEBUG_INFO = INCLUDE_SOURCE;
				MTL_FAST_MATH = YES;
				ONLY_ACTIVE_ARCH = YES;
				SDKROOT = iphoneos;
			};
			name = Debug;
		};
		799BFDBB22929EAE00FBFC4A /* Release */ = {
			isa = XCBuildConfiguration;
			buildSettings = {
				ALWAYS_SEARCH_USER_PATHS = NO;
				CLANG_ANALYZER_NONNULL = YES;
				CLANG_ANALYZER_NUMBER_OBJECT_CONVERSION = YES_AGGRESSIVE;
				CLANG_CXX_LANGUAGE_STANDARD = "gnu++14";
				CLANG_CXX_LIBRARY = "libc++";
				CLANG_ENABLE_MODULES = YES;
				CLANG_ENABLE_OBJC_ARC = YES;
				CLANG_ENABLE_OBJC_WEAK = YES;
				CLANG_WARN_BLOCK_CAPTURE_AUTORELEASING = YES;
				CLANG_WARN_BOOL_CONVERSION = YES;
				CLANG_WARN_COMMA = YES;
				CLANG_WARN_CONSTANT_CONVERSION = YES;
				CLANG_WARN_DEPRECATED_OBJC_IMPLEMENTATIONS = YES;
				CLANG_WARN_DIRECT_OBJC_ISA_USAGE = YES_ERROR;
				CLANG_WARN_DOCUMENTATION_COMMENTS = YES;
				CLANG_WARN_EMPTY_BODY = YES;
				CLANG_WARN_ENUM_CONVERSION = YES;
				CLANG_WARN_INFINITE_RECURSION = YES;
				CLANG_WARN_INT_CONVERSION = YES;
				CLANG_WARN_NON_LITERAL_NULL_CONVERSION = YES;
				CLANG_WARN_OBJC_IMPLICIT_RETAIN_SELF = YES;
				CLANG_WARN_OBJC_LITERAL_CONVERSION = YES;
				CLANG_WARN_OBJC_ROOT_CLASS = YES_ERROR;
				CLANG_WARN_RANGE_LOOP_ANALYSIS = YES;
				CLANG_WARN_STRICT_PROTOTYPES = YES;
				CLANG_WARN_SUSPICIOUS_MOVE = YES;
				CLANG_WARN_UNGUARDED_AVAILABILITY = YES_AGGRESSIVE;
				CLANG_WARN_UNREACHABLE_CODE = YES;
				CLANG_WARN__DUPLICATE_METHOD_MATCH = YES;
				CODE_SIGN_IDENTITY = "iPhone Developer";
				COPY_PHASE_STRIP = NO;
				DEBUG_INFORMATION_FORMAT = "dwarf-with-dsym";
				ENABLE_NS_ASSERTIONS = NO;
				ENABLE_STRICT_OBJC_MSGSEND = YES;
				GCC_C_LANGUAGE_STANDARD = gnu11;
				GCC_NO_COMMON_BLOCKS = YES;
				GCC_WARN_64_TO_32_BIT_CONVERSION = YES;
				GCC_WARN_ABOUT_RETURN_TYPE = YES_ERROR;
				GCC_WARN_UNDECLARED_SELECTOR = YES;
				GCC_WARN_UNINITIALIZED_AUTOS = YES_AGGRESSIVE;
				GCC_WARN_UNUSED_FUNCTION = YES;
				GCC_WARN_UNUSED_VARIABLE = YES;
				IPHONEOS_DEPLOYMENT_TARGET = 12.1;
				MTL_ENABLE_DEBUG_INFO = NO;
				MTL_FAST_MATH = YES;
				SDKROOT = iphoneos;
				VALIDATE_PRODUCT = YES;
			};
			name = Release;
		};
		799BFDBD22929EAE00FBFC4A /* Debug */ = {
			isa = XCBuildConfiguration;
			baseConfigurationReference = D0FB9EC7ED93479055E23C40 /* Pods-RIFunctionCollection.debug.xcconfig */;
			buildSettings = {
				ASSETCATALOG_COMPILER_APPICON_NAME = AppIcon;
				CODE_SIGN_IDENTITY = "iPhone Developer";
				CODE_SIGN_STYLE = Automatic;
				DEVELOPMENT_TEAM = CXB27XN374;
				INFOPLIST_FILE = RIFunctionCollection/Info.plist;
				IPHONEOS_DEPLOYMENT_TARGET = 8.0;
				LD_RUNPATH_SEARCH_PATHS = (
					"$(inherited)",
					"@executable_path/Frameworks",
				);
				PRODUCT_BUNDLE_IDENTIFIER = Richard.com.RIFunctionCollection;
				PRODUCT_NAME = "$(TARGET_NAME)";
				PROVISIONING_PROFILE_SPECIFIER = "";
				TARGETED_DEVICE_FAMILY = "1,2";
			};
			name = Debug;
		};
		799BFDBE22929EAE00FBFC4A /* Release */ = {
			isa = XCBuildConfiguration;
			baseConfigurationReference = FEDCD8C2A939744105116CC6 /* Pods-RIFunctionCollection.release.xcconfig */;
			buildSettings = {
				ASSETCATALOG_COMPILER_APPICON_NAME = AppIcon;
				CODE_SIGN_IDENTITY = "iPhone Developer";
				CODE_SIGN_STYLE = Automatic;
				DEVELOPMENT_TEAM = CXB27XN374;
				INFOPLIST_FILE = RIFunctionCollection/Info.plist;
				IPHONEOS_DEPLOYMENT_TARGET = 8.0;
				LD_RUNPATH_SEARCH_PATHS = (
					"$(inherited)",
					"@executable_path/Frameworks",
				);
				PRODUCT_BUNDLE_IDENTIFIER = Richard.com.RIFunctionCollection;
				PRODUCT_NAME = "$(TARGET_NAME)";
				PROVISIONING_PROFILE_SPECIFIER = "";
				TARGETED_DEVICE_FAMILY = "1,2";
			};
			name = Release;
		};
		799BFDC022929EAE00FBFC4A /* Debug */ = {
			isa = XCBuildConfiguration;
			buildSettings = {
				BUNDLE_LOADER = "$(TEST_HOST)";
				CODE_SIGN_STYLE = Automatic;
				INFOPLIST_FILE = RIFunctionCollectionTests/Info.plist;
				LD_RUNPATH_SEARCH_PATHS = (
					"$(inherited)",
					"@executable_path/Frameworks",
					"@loader_path/Frameworks",
				);
				PRODUCT_BUNDLE_IDENTIFIER = Richard.com.RIFunctionCollectionTests;
				PRODUCT_NAME = "$(TARGET_NAME)";
				TARGETED_DEVICE_FAMILY = "1,2";
				TEST_HOST = "$(BUILT_PRODUCTS_DIR)/RIFunctionCollection.app/RIFunctionCollection";
			};
			name = Debug;
		};
		799BFDC122929EAE00FBFC4A /* Release */ = {
			isa = XCBuildConfiguration;
			buildSettings = {
				BUNDLE_LOADER = "$(TEST_HOST)";
				CODE_SIGN_STYLE = Automatic;
				INFOPLIST_FILE = RIFunctionCollectionTests/Info.plist;
				LD_RUNPATH_SEARCH_PATHS = (
					"$(inherited)",
					"@executable_path/Frameworks",
					"@loader_path/Frameworks",
				);
				PRODUCT_BUNDLE_IDENTIFIER = Richard.com.RIFunctionCollectionTests;
				PRODUCT_NAME = "$(TARGET_NAME)";
				TARGETED_DEVICE_FAMILY = "1,2";
				TEST_HOST = "$(BUILT_PRODUCTS_DIR)/RIFunctionCollection.app/RIFunctionCollection";
			};
			name = Release;
		};
		799BFDC322929EAE00FBFC4A /* Debug */ = {
			isa = XCBuildConfiguration;
			buildSettings = {
				CODE_SIGN_STYLE = Automatic;
				INFOPLIST_FILE = RIFunctionCollectionUITests/Info.plist;
				LD_RUNPATH_SEARCH_PATHS = (
					"$(inherited)",
					"@executable_path/Frameworks",
					"@loader_path/Frameworks",
				);
				PRODUCT_BUNDLE_IDENTIFIER = Richard.com.RIFunctionCollectionUITests;
				PRODUCT_NAME = "$(TARGET_NAME)";
				TARGETED_DEVICE_FAMILY = "1,2";
				TEST_TARGET_NAME = RIFunctionCollection;
			};
			name = Debug;
		};
		799BFDC422929EAE00FBFC4A /* Release */ = {
			isa = XCBuildConfiguration;
			buildSettings = {
				CODE_SIGN_STYLE = Automatic;
				INFOPLIST_FILE = RIFunctionCollectionUITests/Info.plist;
				LD_RUNPATH_SEARCH_PATHS = (
					"$(inherited)",
					"@executable_path/Frameworks",
					"@loader_path/Frameworks",
				);
				PRODUCT_BUNDLE_IDENTIFIER = Richard.com.RIFunctionCollectionUITests;
				PRODUCT_NAME = "$(TARGET_NAME)";
				TARGETED_DEVICE_FAMILY = "1,2";
				TEST_TARGET_NAME = RIFunctionCollection;
			};
			name = Release;
		};
/* End XCBuildConfiguration section */

/* Begin XCConfigurationList section */
		799BFD8B22929EAC00FBFC4A /* Build configuration list for PBXProject "RIFunctionCollection" */ = {
			isa = XCConfigurationList;
			buildConfigurations = (
				799BFDBA22929EAE00FBFC4A /* Debug */,
				799BFDBB22929EAE00FBFC4A /* Release */,
			);
			defaultConfigurationIsVisible = 0;
			defaultConfigurationName = Release;
		};
		799BFDBC22929EAE00FBFC4A /* Build configuration list for PBXNativeTarget "RIFunctionCollection" */ = {
			isa = XCConfigurationList;
			buildConfigurations = (
				799BFDBD22929EAE00FBFC4A /* Debug */,
				799BFDBE22929EAE00FBFC4A /* Release */,
			);
			defaultConfigurationIsVisible = 0;
			defaultConfigurationName = Release;
		};
		799BFDBF22929EAE00FBFC4A /* Build configuration list for PBXNativeTarget "RIFunctionCollectionTests" */ = {
			isa = XCConfigurationList;
			buildConfigurations = (
				799BFDC022929EAE00FBFC4A /* Debug */,
				799BFDC122929EAE00FBFC4A /* Release */,
			);
			defaultConfigurationIsVisible = 0;
			defaultConfigurationName = Release;
		};
		799BFDC222929EAE00FBFC4A /* Build configuration list for PBXNativeTarget "RIFunctionCollectionUITests" */ = {
			isa = XCConfigurationList;
			buildConfigurations = (
				799BFDC322929EAE00FBFC4A /* Debug */,
				799BFDC422929EAE00FBFC4A /* Release */,
			);
			defaultConfigurationIsVisible = 0;
			defaultConfigurationName = Release;
		};
/* End XCConfigurationList section */
	};
	rootObject = 799BFD8822929EAC00FBFC4A /* Project object */;
}
